
Microsoft Visual Studio Solution File, Format Version 12.00
# Visual Studio Version 17
VisualStudioVersion = 17.9.34714.143
MinimumVisualStudioVersion = 10.0.40219.1
Project("{FAE04EC0-301F-11D3-BF4B-00C04F79EFBC}") = "agendatelefonicaa", "agendatelefonicaa.csproj", "{999B7F0C-5746-438E-91EA-4DFD855699D9}"
EndProject
Global
	GlobalSection(SolutionConfigurationPlatforms) = preSolution
		Debug|Any CPU = Debug|Any CPU
		Release|Any CPU = Release|Any CPU
	EndGlobalSection
	GlobalSection(ProjectConfigurationPlatforms) = postSolution
		{999B7F0C-5746-438E-91EA-4DFD855699D9}.Debug|Any CPU.ActiveCfg = Debug|Any CPU
		{999B7F0C-5746-438E-91EA-4DFD855699D9}.Debug|Any CPU.Build.0 = Debug|Any CPU
		{999B7F0C-5746-438E-91EA-4DFD855699D9}.Release|Any CPU.ActiveCfg = Release|Any CPU
		{999B7F0C-5746-438E-91EA-4DFD855699D9}.Release|Any CPU.Build.0 = Release|Any CPU
	EndGlobalSection
	GlobalSection(SolutionProperties) = preSolution
		HideSolutionNode = FALSE
	EndGlobalSection
	GlobalSection(ExtensibilityGlobals) = postSolution
		SolutionGuid = {DBB3D9DC-C0DD-4E77-9EA7-2F547DCB79BD}
	EndGlobalSection
EndGlobal
